// !$*UTF8*$!
{
	archiveVersion = 1;
	classes = {
	};
	objectVersion = 56;
	objects = {

/* Begin PBXBuildFile section */
		15008F392CA93FFA001E0C59 /* CameraView.swift in Sources */ = {isa = PBXBuildFile; fileRef = 15008F382CA93FFA001E0C59 /* CameraView.swift */; };
		159245212CA6D3F600297719 /* karashiruApp.swift in Sources */ = {isa = PBXBuildFile; fileRef = 1592451B2CA6D3F600297719 /* karashiruApp.swift */; };
		159245222CA6D3F600297719 /* Assets.xcassets in Resources */ = {isa = PBXBuildFile; fileRef = 1592451C2CA6D3F600297719 /* Assets.xcassets */; };
		159245232CA6D3F600297719 /* Preview Assets.xcassets in Resources */ = {isa = PBXBuildFile; fileRef = 1592451E2CA6D3F600297719 /* Preview Assets.xcassets */; };
		159245242CA6D3F600297719 /* ContentView.swift in Sources */ = {isa = PBXBuildFile; fileRef = 159245202CA6D3F600297719 /* ContentView.swift */; };
		15D0A1222CA6D1EC002BDE7F /* karashiruTests.swift in Sources */ = {isa = PBXBuildFile; fileRef = 15D0A1212CA6D1EC002BDE7F /* karashiruTests.swift */; };
		15F74A322CB01DF00043556D /* Extension+UIImage.swift in Sources */ = {isa = PBXBuildFile; fileRef = 15F74A312CB01DF00043556D /* Extension+UIImage.swift */; };
/* End PBXBuildFile section */

/* Begin PBXContainerItemProxy section */
		15D0A11E2CA6D1EC002BDE7F /* PBXContainerItemProxy */ = {
			isa = PBXContainerItemProxy;
			containerPortal = 15D0A1042CA6D1E9002BDE7F /* Project object */;
			proxyType = 1;
			remoteGlobalIDString = 15D0A10B2CA6D1E9002BDE7F;
			remoteInfo = karashiru;
		};
		15D0A1282CA6D1EC002BDE7F /* PBXContainerItemProxy */ = {
			isa = PBXContainerItemProxy;
			containerPortal = 15D0A1042CA6D1E9002BDE7F /* Project object */;
			proxyType = 1;
			remoteGlobalIDString = 15D0A10B2CA6D1E9002BDE7F;
			remoteInfo = karashiru;
		};
/* End PBXContainerItemProxy section */

/* Begin PBXFileReference section */
		15008F382CA93FFA001E0C59 /* CameraView.swift */ = {isa = PBXFileReference; lastKnownFileType = sourcecode.swift; path = CameraView.swift; sourceTree = "<group>"; };
		1592451B2CA6D3F600297719 /* karashiruApp.swift */ = {isa = PBXFileReference; fileEncoding = 4; lastKnownFileType = sourcecode.swift; path = karashiruApp.swift; sourceTree = "<group>"; };
		1592451C2CA6D3F600297719 /* Assets.xcassets */ = {isa = PBXFileReference; lastKnownFileType = folder.assetcatalog; path = Assets.xcassets; sourceTree = "<group>"; };
		1592451E2CA6D3F600297719 /* Preview Assets.xcassets */ = {isa = PBXFileReference; lastKnownFileType = folder.assetcatalog; path = "Preview Assets.xcassets"; sourceTree = "<group>"; };
		1592451F2CA6D3F600297719 /* karashiru.entitlements */ = {isa = PBXFileReference; fileEncoding = 4; lastKnownFileType = text.plist.entitlements; path = karashiru.entitlements; sourceTree = "<group>"; };
		159245202CA6D3F600297719 /* ContentView.swift */ = {isa = PBXFileReference; fileEncoding = 4; lastKnownFileType = sourcecode.swift; path = ContentView.swift; sourceTree = "<group>"; };
		15D0A10C2CA6D1E9002BDE7F /* karashiru.app */ = {isa = PBXFileReference; explicitFileType = wrapper.application; includeInIndex = 0; path = karashiru.app; sourceTree = BUILT_PRODUCTS_DIR; };
		15D0A11D2CA6D1EC002BDE7F /* karashiruTests.xctest */ = {isa = PBXFileReference; explicitFileType = wrapper.cfbundle; includeInIndex = 0; path = karashiruTests.xctest; sourceTree = BUILT_PRODUCTS_DIR; };
		15D0A1212CA6D1EC002BDE7F /* karashiruTests.swift */ = {isa = PBXFileReference; lastKnownFileType = sourcecode.swift; path = karashiruTests.swift; sourceTree = "<group>"; };
		15D0A1272CA6D1EC002BDE7F /* karashiruUITests.xctest */ = {isa = PBXFileReference; explicitFileType = wrapper.cfbundle; includeInIndex = 0; path = karashiruUITests.xctest; sourceTree = BUILT_PRODUCTS_DIR; };
		15F74A312CB01DF00043556D /* Extension+UIImage.swift */ = {isa = PBXFileReference; lastKnownFileType = sourcecode.swift; path = "Extension+UIImage.swift"; sourceTree = "<group>"; };
/* End PBXFileReference section */

/* Begin PBXFrameworksBuildPhase section */
		15D0A1092CA6D1E9002BDE7F /* Frameworks */ = {
			isa = PBXFrameworksBuildPhase;
			buildActionMask = 2147483647;
			files = (
			);
			runOnlyForDeploymentPostprocessing = 0;
		};
		15D0A11A2CA6D1EC002BDE7F /* Frameworks */ = {
			isa = PBXFrameworksBuildPhase;
			buildActionMask = 2147483647;
			files = (
			);
			runOnlyForDeploymentPostprocessing = 0;
		};
		15D0A1242CA6D1EC002BDE7F /* Frameworks */ = {
			isa = PBXFrameworksBuildPhase;
			buildActionMask = 2147483647;
			files = (
			);
			runOnlyForDeploymentPostprocessing = 0;
		};
/* End PBXFrameworksBuildPhase section */

/* Begin PBXGroup section */
		15008F362CA93FC8001E0C59 /* Resources */ = {
			isa = PBXGroup;
			children = (
				1592451F2CA6D3F600297719 /* karashiru.entitlements */,
				1592451D2CA6D3F600297719 /* Preview Content */,
				1592451C2CA6D3F600297719 /* Assets.xcassets */,
			);
			path = Resources;
			sourceTree = "<group>";
		};
		15008F372CA93FDC001E0C59 /* Module */ = {
			isa = PBXGroup;
			children = (
				1592451B2CA6D3F600297719 /* karashiruApp.swift */,
				159245202CA6D3F600297719 /* ContentView.swift */,
				15008F382CA93FFA001E0C59 /* CameraView.swift */,
			);
			path = Module;
			sourceTree = "<group>";
		};
		1592451A2CA6D3F600297719 /* App */ = {
			isa = PBXGroup;
			children = (
				15F74A332CB01E190043556D /* Extension */,
				15008F372CA93FDC001E0C59 /* Module */,
				15008F362CA93FC8001E0C59 /* Resources */,
			);
			path = App;
			sourceTree = "<group>";
		};
		1592451D2CA6D3F600297719 /* Preview Content */ = {
			isa = PBXGroup;
			children = (
				1592451E2CA6D3F600297719 /* Preview Assets.xcassets */,
			);
			path = "Preview Content";
			sourceTree = "<group>";
		};
		15D0A1032CA6D1E9002BDE7F = {
			isa = PBXGroup;
			children = (
				1592451A2CA6D3F600297719 /* App */,
				15D0A1202CA6D1EC002BDE7F /* karashiruTests */,
				15D0A10D2CA6D1E9002BDE7F /* Products */,
			);
			sourceTree = "<group>";
		};
		15D0A10D2CA6D1E9002BDE7F /* Products */ = {
			isa = PBXGroup;
			children = (
				15D0A10C2CA6D1E9002BDE7F /* karashiru.app */,
				15D0A11D2CA6D1EC002BDE7F /* karashiruTests.xctest */,
				15D0A1272CA6D1EC002BDE7F /* karashiruUITests.xctest */,
			);
			name = Products;
			sourceTree = "<group>";
		};
		15D0A1202CA6D1EC002BDE7F /* karashiruTests */ = {
			isa = PBXGroup;
			children = (
				15D0A1212CA6D1EC002BDE7F /* karashiruTests.swift */,
			);
			path = karashiruTests;
			sourceTree = "<group>";
		};
		15F74A332CB01E190043556D /* Extension */ = {
			isa = PBXGroup;
			children = (
				15F74A312CB01DF00043556D /* Extension+UIImage.swift */,
			);
			path = Extension;
			sourceTree = "<group>";
		};
/* End PBXGroup section */

/* Begin PBXNativeTarget section */
		15D0A10B2CA6D1E9002BDE7F /* karashiru */ = {
			isa = PBXNativeTarget;
			buildConfigurationList = 15D0A1312CA6D1EC002BDE7F /* Build configuration list for PBXNativeTarget "karashiru" */;
			buildPhases = (
				15D0A1082CA6D1E9002BDE7F /* Sources */,
				15D0A1092CA6D1E9002BDE7F /* Frameworks */,
				15D0A10A2CA6D1E9002BDE7F /* Resources */,
			);
			buildRules = (
			);
			dependencies = (
			);
			name = karashiru;
			productName = karashiru;
			productReference = 15D0A10C2CA6D1E9002BDE7F /* karashiru.app */;
			productType = "com.apple.product-type.application";
		};
		15D0A11C2CA6D1EC002BDE7F /* karashiruTests */ = {
			isa = PBXNativeTarget;
			buildConfigurationList = 15D0A1342CA6D1EC002BDE7F /* Build configuration list for PBXNativeTarget "karashiruTests" */;
			buildPhases = (
				15D0A1192CA6D1EC002BDE7F /* Sources */,
				15D0A11A2CA6D1EC002BDE7F /* Frameworks */,
				15D0A11B2CA6D1EC002BDE7F /* Resources */,
			);
			buildRules = (
			);
			dependencies = (
				15D0A11F2CA6D1EC002BDE7F /* PBXTargetDependency */,
			);
			name = karashiruTests;
			productName = karashiruTests;
			productReference = 15D0A11D2CA6D1EC002BDE7F /* karashiruTests.xctest */;
			productType = "com.apple.product-type.bundle.unit-test";
		};
		15D0A1262CA6D1EC002BDE7F /* karashiruUITests */ = {
			isa = PBXNativeTarget;
			buildConfigurationList = 15D0A1372CA6D1EC002BDE7F /* Build configuration list for PBXNativeTarget "karashiruUITests" */;
			buildPhases = (
				15D0A1232CA6D1EC002BDE7F /* Sources */,
				15D0A1242CA6D1EC002BDE7F /* Frameworks */,
				15D0A1252CA6D1EC002BDE7F /* Resources */,
			);
			buildRules = (
			);
			dependencies = (
				15D0A1292CA6D1EC002BDE7F /* PBXTargetDependency */,
			);
			name = karashiruUITests;
			productName = karashiruUITests;
			productReference = 15D0A1272CA6D1EC002BDE7F /* karashiruUITests.xctest */;
			productType = "com.apple.product-type.bundle.ui-testing";
		};
/* End PBXNativeTarget section */

/* Begin PBXProject section */
		15D0A1042CA6D1E9002BDE7F /* Project object */ = {
			isa = PBXProject;
			attributes = {
				BuildIndependentTargetsInParallel = 1;
				LastSwiftUpdateCheck = 1510;
				LastUpgradeCheck = 1510;
				TargetAttributes = {
					15D0A10B2CA6D1E9002BDE7F = {
						CreatedOnToolsVersion = 15.1;
					};
					15D0A11C2CA6D1EC002BDE7F = {
						CreatedOnToolsVersion = 15.1;
						TestTargetID = 15D0A10B2CA6D1E9002BDE7F;
					};
					15D0A1262CA6D1EC002BDE7F = {
						CreatedOnToolsVersion = 15.1;
						TestTargetID = 15D0A10B2CA6D1E9002BDE7F;
					};
				};
			};
			buildConfigurationList = 15D0A1072CA6D1E9002BDE7F /* Build configuration list for PBXProject "karashiru" */;
			compatibilityVersion = "Xcode 14.0";
			developmentRegion = en;
			hasScannedForEncodings = 0;
			knownRegions = (
				en,
				Base,
			);
			mainGroup = 15D0A1032CA6D1E9002BDE7F;
			productRefGroup = 15D0A10D2CA6D1E9002BDE7F /* Products */;
			projectDirPath = "";
			projectRoot = "";
			targets = (
				15D0A10B2CA6D1E9002BDE7F /* karashiru */,
				15D0A11C2CA6D1EC002BDE7F /* karashiruTests */,
				15D0A1262CA6D1EC002BDE7F /* karashiruUITests */,
			);
		};
/* End PBXProject section */

/* Begin PBXResourcesBuildPhase section */
		15D0A10A2CA6D1E9002BDE7F /* Resources */ = {
			isa = PBXResourcesBuildPhase;
			buildActionMask = 2147483647;
			files = (
				159245232CA6D3F600297719 /* Preview Assets.xcassets in Resources */,
				159245222CA6D3F600297719 /* Assets.xcassets in Resources */,
			);
			runOnlyForDeploymentPostprocessing = 0;
		};
		15D0A11B2CA6D1EC002BDE7F /* Resources */ = {
			isa = PBXResourcesBuildPhase;
			buildActionMask = 2147483647;
			files = (
			);
			runOnlyForDeploymentPostprocessing = 0;
		};
		15D0A1252CA6D1EC002BDE7F /* Resources */ = {
			isa = PBXResourcesBuildPhase;
			buildActionMask = 2147483647;
			files = (
			);
			runOnlyForDeploymentPostprocessing = 0;
		};
/* End PBXResourcesBuildPhase section */

/* Begin PBXSourcesBuildPhase section */
		15D0A1082CA6D1E9002BDE7F /* Sources */ = {
			isa = PBXSourcesBuildPhase;
			buildActionMask = 2147483647;
			files = (
				15008F392CA93FFA001E0C59 /* CameraView.swift in Sources */,
				159245212CA6D3F600297719 /* karashiruApp.swift in Sources */,
				159245242CA6D3F600297719 /* ContentView.swift in Sources */,
				15F74A322CB01DF00043556D /* Extension+UIImage.swift in Sources */,
			);
			runOnlyForDeploymentPostprocessing = 0;
		};
		15D0A1192CA6D1EC002BDE7F /* Sources */ = {
			isa = PBXSourcesBuildPhase;
			buildActionMask = 2147483647;
			files = (
				15D0A1222CA6D1EC002BDE7F /* karashiruTests.swift in Sources */,
			);
			runOnlyForDeploymentPostprocessing = 0;
		};
		15D0A1232CA6D1EC002BDE7F /* Sources */ = {
			isa = PBXSourcesBuildPhase;
			buildActionMask = 2147483647;
			files = (
			);
			runOnlyForDeploymentPostprocessing = 0;
		};
/* End PBXSourcesBuildPhase section */

/* Begin PBXTargetDependency section */
		15D0A11F2CA6D1EC002BDE7F /* PBXTargetDependency */ = {
			isa = PBXTargetDependency;
			target = 15D0A10B2CA6D1E9002BDE7F /* karashiru */;
			targetProxy = 15D0A11E2CA6D1EC002BDE7F /* PBXContainerItemProxy */;
		};
		15D0A1292CA6D1EC002BDE7F /* PBXTargetDependency */ = {
			isa = PBXTargetDependency;
			target = 15D0A10B2CA6D1E9002BDE7F /* karashiru */;
			targetProxy = 15D0A1282CA6D1EC002BDE7F /* PBXContainerItemProxy */;
		};
/* End PBXTargetDependency section */

/* Begin XCBuildConfiguration section */
		15D0A12F2CA6D1EC002BDE7F /* Debug */ = {
			isa = XCBuildConfiguration;
			buildSettings = {
				ALWAYS_SEARCH_USER_PATHS = NO;
				ASSETCATALOG_COMPILER_GENERATE_SWIFT_ASSET_SYMBOL_EXTENSIONS = YES;
				CLANG_ANALYZER_NONNULL = YES;
				CLANG_ANALYZER_NUMBER_OBJECT_CONVERSION = YES_AGGRESSIVE;
				CLANG_CXX_LANGUAGE_STANDARD = "gnu++20";
				CLANG_ENABLE_MODULES = YES;
				CLANG_ENABLE_OBJC_ARC = YES;
				CLANG_ENABLE_OBJC_WEAK = YES;
				CLANG_WARN_BLOCK_CAPTURE_AUTORELEASING = YES;
				CLANG_WARN_BOOL_CONVERSION = YES;
				CLANG_WARN_COMMA = YES;
				CLANG_WARN_CONSTANT_CONVERSION = YES;
				CLANG_WARN_DEPRECATED_OBJC_IMPLEMENTATIONS = YES;
				CLANG_WARN_DIRECT_OBJC_ISA_USAGE = YES_ERROR;
				CLANG_WARN_DOCUMENTATION_COMMENTS = YES;
				CLANG_WARN_EMPTY_BODY = YES;
				CLANG_WARN_ENUM_CONVERSION = YES;
				CLANG_WARN_INFINITE_RECURSION = YES;
				CLANG_WARN_INT_CONVERSION = YES;
				CLANG_WARN_NON_LITERAL_NULL_CONVERSION = YES;
				CLANG_WARN_OBJC_IMPLICIT_RETAIN_SELF = YES;
				CLANG_WARN_OBJC_LITERAL_CONVERSION = YES;
				CLANG_WARN_OBJC_ROOT_CLASS = YES_ERROR;
				CLANG_WARN_QUOTED_INCLUDE_IN_FRAMEWORK_HEADER = YES;
				CLANG_WARN_RANGE_LOOP_ANALYSIS = YES;
				CLANG_WARN_STRICT_PROTOTYPES = YES;
				CLANG_WARN_SUSPICIOUS_MOVE = YES;
				CLANG_WARN_UNGUARDED_AVAILABILITY = YES_AGGRESSIVE;
				CLANG_WARN_UNREACHABLE_CODE = YES;
				CLANG_WARN__DUPLICATE_METHOD_MATCH = YES;
				COPY_PHASE_STRIP = NO;
				DEBUG_INFORMATION_FORMAT = dwarf;
				ENABLE_STRICT_OBJC_MSGSEND = YES;
				ENABLE_TESTABILITY = YES;
				ENABLE_USER_SCRIPT_SANDBOXING = YES;
				GCC_C_LANGUAGE_STANDARD = gnu17;
				GCC_DYNAMIC_NO_PIC = NO;
				GCC_NO_COMMON_BLOCKS = YES;
				GCC_OPTIMIZATION_LEVEL = 0;
				GCC_PREPROCESSOR_DEFINITIONS = (
					"DEBUG=1",
					"$(inherited)",
				);
				GCC_WARN_64_TO_32_BIT_CONVERSION = YES;
				GCC_WARN_ABOUT_RETURN_TYPE = YES_ERROR;
				GCC_WARN_UNDECLARED_SELECTOR = YES;
				GCC_WARN_UNINITIALIZED_AUTOS = YES_AGGRESSIVE;
				GCC_WARN_UNUSED_FUNCTION = YES;
				GCC_WARN_UNUSED_VARIABLE = YES;
				LOCALIZATION_PREFERS_STRING_CATALOGS = YES;
				MTL_ENABLE_DEBUG_INFO = INCLUDE_SOURCE;
				MTL_FAST_MATH = YES;
				ONLY_ACTIVE_ARCH = YES;
				SWIFT_ACTIVE_COMPILATION_CONDITIONS = "DEBUG $(inherited)";
				SWIFT_OPTIMIZATION_LEVEL = "-Onone";
			};
			name = Debug;
		};
		15D0A1302CA6D1EC002BDE7F /* Release */ = {
			isa = XCBuildConfiguration;
			buildSettings = {
				ALWAYS_SEARCH_USER_PATHS = NO;
				ASSETCATALOG_COMPILER_GENERATE_SWIFT_ASSET_SYMBOL_EXTENSIONS = YES;
				CLANG_ANALYZER_NONNULL = YES;
				CLANG_ANALYZER_NUMBER_OBJECT_CONVERSION = YES_AGGRESSIVE;
				CLANG_CXX_LANGUAGE_STANDARD = "gnu++20";
				CLANG_ENABLE_MODULES = YES;
				CLANG_ENABLE_OBJC_ARC = YES;
				CLANG_ENABLE_OBJC_WEAK = YES;
				CLANG_WARN_BLOCK_CAPTURE_AUTORELEASING = YES;
				CLANG_WARN_BOOL_CONVERSION = YES;
				CLANG_WARN_COMMA = YES;
				CLANG_WARN_CONSTANT_CONVERSION = YES;
				CLANG_WARN_DEPRECATED_OBJC_IMPLEMENTATIONS = YES;
				CLANG_WARN_DIRECT_OBJC_ISA_USAGE = YES_ERROR;
				CLANG_WARN_DOCUMENTATION_COMMENTS = YES;
				CLANG_WARN_EMPTY_BODY = YES;
				CLANG_WARN_ENUM_CONVERSION = YES;
				CLANG_WARN_INFINITE_RECURSION = YES;
				CLANG_WARN_INT_CONVERSION = YES;
				CLANG_WARN_NON_LITERAL_NULL_CONVERSION = YES;
				CLANG_WARN_OBJC_IMPLICIT_RETAIN_SELF = YES;
				CLANG_WARN_OBJC_LITERAL_CONVERSION = YES;
				CLANG_WARN_OBJC_ROOT_CLASS = YES_ERROR;
				CLANG_WARN_QUOTED_INCLUDE_IN_FRAMEWORK_HEADER = YES;
				CLANG_WARN_RANGE_LOOP_ANALYSIS = YES;
				CLANG_WARN_STRICT_PROTOTYPES = YES;
				CLANG_WARN_SUSPICIOUS_MOVE = YES;
				CLANG_WARN_UNGUARDED_AVAILABILITY = YES_AGGRESSIVE;
				CLANG_WARN_UNREACHABLE_CODE = YES;
				CLANG_WARN__DUPLICATE_METHOD_MATCH = YES;
				COPY_PHASE_STRIP = NO;
				DEBUG_INFORMATION_FORMAT = "dwarf-with-dsym";
				ENABLE_NS_ASSERTIONS = NO;
				ENABLE_STRICT_OBJC_MSGSEND = YES;
				ENABLE_USER_SCRIPT_SANDBOXING = YES;
				GCC_C_LANGUAGE_STANDARD = gnu17;
				GCC_NO_COMMON_BLOCKS = YES;
				GCC_WARN_64_TO_32_BIT_CONVERSION = YES;
				GCC_WARN_ABOUT_RETURN_TYPE = YES_ERROR;
				GCC_WARN_UNDECLARED_SELECTOR = YES;
				GCC_WARN_UNINITIALIZED_AUTOS = YES_AGGRESSIVE;
				GCC_WARN_UNUSED_FUNCTION = YES;
				GCC_WARN_UNUSED_VARIABLE = YES;
				LOCALIZATION_PREFERS_STRING_CATALOGS = YES;
				MTL_ENABLE_DEBUG_INFO = NO;
				MTL_FAST_MATH = YES;
				SWIFT_COMPILATION_MODE = wholemodule;
			};
			name = Release;
		};
		15D0A1322CA6D1EC002BDE7F /* Debug */ = {
			isa = XCBuildConfiguration;
			buildSettings = {
				ASSETCATALOG_COMPILER_APPICON_NAME = AppIcon;
				ASSETCATALOG_COMPILER_GLOBAL_ACCENT_COLOR_NAME = AccentColor;
				CODE_SIGN_ENTITLEMENTS = App/Resources/karashiru.entitlements;
				CODE_SIGN_STYLE = Automatic;
				CURRENT_PROJECT_VERSION = 1;
				DEVELOPMENT_ASSET_PATHS = "\"App/Resources/Preview Content\"";
				DEVELOPMENT_TEAM = XSC9AJPSP3;
				ENABLE_PREVIEWS = YES;
				GENERATE_INFOPLIST_FILE = YES;
				INFOPLIST_KEY_NSCameraUsageDescription = "カメラの使用を許可しますか";
				"INFOPLIST_KEY_UIApplicationSceneManifest_Generation[sdk=iphoneos*]" = YES;
				"INFOPLIST_KEY_UIApplicationSceneManifest_Generation[sdk=iphonesimulator*]" = YES;
				"INFOPLIST_KEY_UIApplicationSupportsIndirectInputEvents[sdk=iphoneos*]" = YES;
				"INFOPLIST_KEY_UIApplicationSupportsIndirectInputEvents[sdk=iphonesimulator*]" = YES;
				"INFOPLIST_KEY_UILaunchScreen_Generation[sdk=iphoneos*]" = YES;
				"INFOPLIST_KEY_UILaunchScreen_Generation[sdk=iphonesimulator*]" = YES;
				"INFOPLIST_KEY_UIStatusBarStyle[sdk=iphoneos*]" = UIStatusBarStyleDefault;
				"INFOPLIST_KEY_UIStatusBarStyle[sdk=iphonesimulator*]" = UIStatusBarStyleDefault;
				INFOPLIST_KEY_UISupportedInterfaceOrientations_iPad = "UIInterfaceOrientationPortrait UIInterfaceOrientationPortraitUpsideDown UIInterfaceOrientationLandscapeLeft UIInterfaceOrientationLandscapeRight";
				INFOPLIST_KEY_UISupportedInterfaceOrientations_iPhone = "UIInterfaceOrientationPortrait UIInterfaceOrientationLandscapeLeft UIInterfaceOrientationLandscapeRight";
				IPHONEOS_DEPLOYMENT_TARGET = 17.0;
				LD_RUNPATH_SEARCH_PATHS = "@executable_path/Frameworks";
				"LD_RUNPATH_SEARCH_PATHS[sdk=macosx*]" = "@executable_path/../Frameworks";
				MACOSX_DEPLOYMENT_TARGET = 14.2;
				MARKETING_VERSION = 1.0;
				PRODUCT_BUNDLE_IDENTIFIER = com.akidon0000.karashiru;
				PRODUCT_NAME = "$(TARGET_NAME)";
				SDKROOT = auto;
				SUPPORTED_PLATFORMS = "iphoneos iphonesimulator";
				SUPPORTS_MACCATALYST = NO;
				SWIFT_EMIT_LOC_STRINGS = YES;
				SWIFT_VERSION = 5.0;
				TARGETED_DEVICE_FAMILY = "1,2";
			};
			name = Debug;
		};
		15D0A1332CA6D1EC002BDE7F /* Release */ = {
			isa = XCBuildConfiguration;
			buildSettings = {
				ASSETCATALOG_COMPILER_APPICON_NAME = AppIcon;
				ASSETCATALOG_COMPILER_GLOBAL_ACCENT_COLOR_NAME = AccentColor;
				CODE_SIGN_ENTITLEMENTS = App/Resources/karashiru.entitlements;
				CODE_SIGN_STYLE = Automatic;
				CURRENT_PROJECT_VERSION = 1;
				DEVELOPMENT_ASSET_PATHS = "\"App/Resources/Preview Content\"";
				DEVELOPMENT_TEAM = XSC9AJPSP3;
				ENABLE_PREVIEWS = YES;
				GENERATE_INFOPLIST_FILE = YES;
				INFOPLIST_KEY_NSCameraUsageDescription = "カメラの使用を許可しますか";
				"INFOPLIST_KEY_UIApplicationSceneManifest_Generation[sdk=iphoneos*]" = YES;
				"INFOPLIST_KEY_UIApplicationSceneManifest_Generation[sdk=iphonesimulator*]" = YES;
				"INFOPLIST_KEY_UIApplicationSupportsIndirectInputEvents[sdk=iphoneos*]" = YES;
				"INFOPLIST_KEY_UIApplicationSupportsIndirectInputEvents[sdk=iphonesimulator*]" = YES;
				"INFOPLIST_KEY_UILaunchScreen_Generation[sdk=iphoneos*]" = YES;
				"INFOPLIST_KEY_UILaunchScreen_Generation[sdk=iphonesimulator*]" = YES;
				"INFOPLIST_KEY_UIStatusBarStyle[sdk=iphoneos*]" = UIStatusBarStyleDefault;
				"INFOPLIST_KEY_UIStatusBarStyle[sdk=iphonesimulator*]" = UIStatusBarStyleDefault;
				INFOPLIST_KEY_UISupportedInterfaceOrientations_iPad = "UIInterfaceOrientationPortrait UIInterfaceOrientationPortraitUpsideDown UIInterfaceOrientationLandscapeLeft UIInterfaceOrientationLandscapeRight";
				INFOPLIST_KEY_UISupportedInterfaceOrientations_iPhone = "UIInterfaceOrientationPortrait UIInterfaceOrientationLandscapeLeft UIInterfaceOrientationLandscapeRight";
				IPHONEOS_DEPLOYMENT_TARGET = 17.0;
				LD_RUNPATH_SEARCH_PATHS = "@executable_path/Frameworks";
				"LD_RUNPATH_SEARCH_PATHS[sdk=macosx*]" = "@executable_path/../Frameworks";
				MACOSX_DEPLOYMENT_TARGET = 14.2;
				MARKETING_VERSION = 1.0;
				PRODUCT_BUNDLE_IDENTIFIER = com.akidon0000.karashiru;
				PRODUCT_NAME = "$(TARGET_NAME)";
				SDKROOT = auto;
				SUPPORTED_PLATFORMS = "iphoneos iphonesimulator";
				SUPPORTS_MACCATALYST = NO;
				SWIFT_EMIT_LOC_STRINGS = YES;
				SWIFT_VERSION = 5.0;
				TARGETED_DEVICE_FAMILY = "1,2";
			};
			name = Release;
		};
		15D0A1352CA6D1EC002BDE7F /* Debug */ = {
			isa = XCBuildConfiguration;
			buildSettings = {
				ALWAYS_EMBED_SWIFT_STANDARD_LIBRARIES = YES;
				BUNDLE_LOADER = "$(TEST_HOST)";
				CODE_SIGN_STYLE = Automatic;
				CURRENT_PROJECT_VERSION = 1;
				GENERATE_INFOPLIST_FILE = YES;
				IPHONEOS_DEPLOYMENT_TARGET = 17.2;
				MACOSX_DEPLOYMENT_TARGET = 14.2;
				MARKETING_VERSION = 1.0;
				PRODUCT_BUNDLE_IDENTIFIER = com.akidon0000.karashiruTests;
				PRODUCT_NAME = "$(TARGET_NAME)";
				SDKROOT = auto;
				SUPPORTED_PLATFORMS = "iphoneos iphonesimulator macosx";
				SWIFT_EMIT_LOC_STRINGS = NO;
				SWIFT_VERSION = 5.0;
				TARGETED_DEVICE_FAMILY = "1,2";
				TEST_HOST = "$(BUILT_PRODUCTS_DIR)/karashiru.app/$(BUNDLE_EXECUTABLE_FOLDER_PATH)/karashiru";
			};
			name = Debug;
		};
		15D0A1362CA6D1EC002BDE7F /* Release */ = {
			isa = XCBuildConfiguration;
			buildSettings = {
				ALWAYS_EMBED_SWIFT_STANDARD_LIBRARIES = YES;
				BUNDLE_LOADER = "$(TEST_HOST)";
				CODE_SIGN_STYLE = Automatic;
				CURRENT_PROJECT_VERSION = 1;
				GENERATE_INFOPLIST_FILE = YES;
				IPHONEOS_DEPLOYMENT_TARGET = 17.2;
				MACOSX_DEPLOYMENT_TARGET = 14.2;
				MARKETING_VERSION = 1.0;
				PRODUCT_BUNDLE_IDENTIFIER = com.akidon0000.karashiruTests;
				PRODUCT_NAME = "$(TARGET_NAME)";
				SDKROOT = auto;
				SUPPORTED_PLATFORMS = "iphoneos iphonesimulator macosx";
				SWIFT_EMIT_LOC_STRINGS = NO;
				SWIFT_VERSION = 5.0;
				TARGETED_DEVICE_FAMILY = "1,2";
				TEST_HOST = "$(BUILT_PRODUCTS_DIR)/karashiru.app/$(BUNDLE_EXECUTABLE_FOLDER_PATH)/karashiru";
			};
			name = Release;
		};
		15D0A1382CA6D1EC002BDE7F /* Debug */ = {
			isa = XCBuildConfiguration;
			buildSettings = {
				ALWAYS_EMBED_SWIFT_STANDARD_LIBRARIES = YES;
				CODE_SIGN_STYLE = Automatic;
				CURRENT_PROJECT_VERSION = 1;
				GENERATE_INFOPLIST_FILE = YES;
				IPHONEOS_DEPLOYMENT_TARGET = 17.2;
				MACOSX_DEPLOYMENT_TARGET = 14.2;
				MARKETING_VERSION = 1.0;
				PRODUCT_BUNDLE_IDENTIFIER = com.akidon0000.karashiruUITests;
				PRODUCT_NAME = "$(TARGET_NAME)";
				SDKROOT = auto;
				SUPPORTED_PLATFORMS = "iphoneos iphonesimulator macosx";
				SWIFT_EMIT_LOC_STRINGS = NO;
				SWIFT_VERSION = 5.0;
				TARGETED_DEVICE_FAMILY = "1,2";
				TEST_TARGET_NAME = karashiru;
			};
			name = Debug;
		};
		15D0A1392CA6D1EC002BDE7F /* Release */ = {
			isa = XCBuildConfiguration;
			buildSettings = {
				ALWAYS_EMBED_SWIFT_STANDARD_LIBRARIES = YES;
				CODE_SIGN_STYLE = Automatic;
				CURRENT_PROJECT_VERSION = 1;
				GENERATE_INFOPLIST_FILE = YES;
				IPHONEOS_DEPLOYMENT_TARGET = 17.2;
				MACOSX_DEPLOYMENT_TARGET = 14.2;
				MARKETING_VERSION = 1.0;
				PRODUCT_BUNDLE_IDENTIFIER = com.akidon0000.karashiruUITests;
				PRODUCT_NAME = "$(TARGET_NAME)";
				SDKROOT = auto;
				SUPPORTED_PLATFORMS = "iphoneos iphonesimulator macosx";
				SWIFT_EMIT_LOC_STRINGS = NO;
				SWIFT_VERSION = 5.0;
				TARGETED_DEVICE_FAMILY = "1,2";
				TEST_TARGET_NAME = karashiru;
			};
			name = Release;
		};
/* End XCBuildConfiguration section */

/* Begin XCConfigurationList section */
		15D0A1072CA6D1E9002BDE7F /* Build configuration list for PBXProject "karashiru" */ = {
			isa = XCConfigurationList;
			buildConfigurations = (
				15D0A12F2CA6D1EC002BDE7F /* Debug */,
				15D0A1302CA6D1EC002BDE7F /* Release */,
			);
			defaultConfigurationIsVisible = 0;
			defaultConfigurationName = Release;
		};
		15D0A1312CA6D1EC002BDE7F /* Build configuration list for PBXNativeTarget "karashiru" */ = {
			isa = XCConfigurationList;
			buildConfigurations = (
				15D0A1322CA6D1EC002BDE7F /* Debug */,
				15D0A1332CA6D1EC002BDE7F /* Release */,
			);
			defaultConfigurationIsVisible = 0;
			defaultConfigurationName = Release;
		};
		15D0A1342CA6D1EC002BDE7F /* Build configuration list for PBXNativeTarget "karashiruTests" */ = {
			isa = XCConfigurationList;
			buildConfigurations = (
				15D0A1352CA6D1EC002BDE7F /* Debug */,
				15D0A1362CA6D1EC002BDE7F /* Release */,
			);
			defaultConfigurationIsVisible = 0;
			defaultConfigurationName = Release;
		};
		15D0A1372CA6D1EC002BDE7F /* Build configuration list for PBXNativeTarget "karashiruUITests" */ = {
			isa = XCConfigurationList;
			buildConfigurations = (
				15D0A1382CA6D1EC002BDE7F /* Debug */,
				15D0A1392CA6D1EC002BDE7F /* Release */,
			);
			defaultConfigurationIsVisible = 0;
			defaultConfigurationName = Release;
		};
/* End XCConfigurationList section */
	};
	rootObject = 15D0A1042CA6D1E9002BDE7F /* Project object */;
}
